
Microsoft Visual Studio Solution File, Format Version 12.00
# Visual Studio Version 16
VisualStudioVersion = 16.0.31005.135
MinimumVisualStudioVersion = 10.0.40219.1
Project("{FAE04EC0-301F-11D3-BF4B-00C04F79EFBC}") = "ConsoleApp1", "ConsoleApp1\ConsoleApp1.csproj", "{C0C04968-4167-467C-B8FC-66C991DB9BF0}"
EndProject
Global
	GlobalSection(SolutionConfigurationPlatforms) = preSolution
		Debug|Any CPU = Debug|Any CPU
		Release|Any CPU = Release|Any CPU
	EndGlobalSection
	GlobalSection(ProjectConfigurationPlatforms) = postSolution
		{C0C04968-4167-467C-B8FC-66C991DB9BF0}.Debug|Any CPU.ActiveCfg = Debug|Any CPU
		{C0C04968-4167-467C-B8FC-66C991DB9BF0}.Debug|Any CPU.Build.0 = Debug|Any CPU
		{C0C04968-4167-467C-B8FC-66C991DB9BF0}.Release|Any CPU.ActiveCfg = Release|Any CPU
		{C0C04968-4167-467C-B8FC-66C991DB9BF0}.Release|Any CPU.Build.0 = Release|Any CPU
	EndGlobalSection
	GlobalSection(SolutionProperties) = preSolution
		HideSolutionNode = FALSE
	EndGlobalSection
	GlobalSection(ExtensibilityGlobals) = postSolution
		SolutionGuid = {56F08B73-027F-4264-BC2D-D02B5519BB31}
	EndGlobalSection
EndGlobal
